{
  "name": "Playful page with slider control",
  "lockfileVersion": 2,
  "requires": true,
  "packages": {
    "": {
      "dependencies": {
        "sass-embedded": "^1.56.1"
      }
    },
    "node_modules/buffer-builder": {
      "version": "0.2.0",
      "resolved": "https://registry.npmjs.org/buffer-builder/-/buffer-builder-0.2.0.tgz",
      "integrity": "sha512-7VPMEPuYznPSoR21NE1zvd2Xna6c/CloiZCfcMXR1Jny6PjX0N4Nsa38zcBFo/FMK+BlA+FLKbJCQ0i2yxp+Xg=="
    },
    "node_modules/google-protobuf": {
      "version": "3.21.2",
      "resolved": "https://registry.npmjs.org/google-protobuf/-/google-protobuf-3.21.2.tgz",
      "integrity": "sha512-3MSOYFO5U9mPGikIYCzK0SaThypfGgS6bHqrUGXG3DPHCrb+txNqeEcns1W0lkGfk0rCyNXm7xB9rMxnCiZOoA=="
    },
    "node_modules/has-flag": {
      "version": "4.0.0",
      "resolved": "https://registry.npmjs.org/has-flag/-/has-flag-4.0.0.tgz",
      "integrity": "sha512-EykJT/Q1KjTWctppgIAgfSO0tKVuZUjhgMr17kqTumMl6Afv3EISleU7qZUzoXDFTAHTDC4NOoG/ZxU3EvlMPQ==",
      "engines": {
        "node": ">=8"
      }
    },
    "node_modules/immutable": {
      "version": "4.1.0",
      "resolved": "https://registry.npmjs.org/immutable/-/immutable-4.1.0.tgz",
      "integrity": "sha512-oNkuqVTA8jqG1Q6c+UglTOD1xhC1BtjKI7XkCXRkZHrN5m18/XsnUp8Q89GkQO/z+0WjonSvl0FLhDYftp46nQ=="
    },
    "node_modules/rxjs": {
      "version": "7.6.0",
      "resolved": "https://registry.npmjs.org/rxjs/-/rxjs-7.6.0.tgz",
      "integrity": "sha512-DDa7d8TFNUalGC9VqXvQ1euWNN7sc63TrUCuM9J998+ViviahMIjKSOU7rfcgFOF+FCD71BhDRv4hrFz+ImDLQ==",
      "dependencies": {
        "tslib": "^2.1.0"
      }
    },
    "node_modules/sass-embedded": {
      "version": "1.56.1",
      "resolved": "https://registry.npmjs.org/sass-embedded/-/sass-embedded-1.56.1.tgz",
      "integrity": "sha512-8VuohdRoGfqVWgBNeC+iqek1KXIVWYcG6AOQ6rJvRUe08HbdPQgp0+fseDQX7E5UxaoM8wvU5VBwCbZvPwFZQw==",
      "dependencies": {
        "buffer-builder": "^0.2.0",
        "google-protobuf": "^3.11.4",
        "immutable": "^4.0.0",
        "rxjs": "^7.4.0",
        "supports-color": "^8.1.1"
      },
      "engines": {
        "node": ">=14.0.0"
      },
      "optionalDependencies": {
        "sass-embedded-darwin-arm64": "1.56.1",
        "sass-embedded-darwin-x64": "1.56.1",
        "sass-embedded-linux-arm": "1.56.1",
        "sass-embedded-linux-arm64": "1.56.1",
        "sass-embedded-linux-ia32": "1.56.1",
        "sass-embedded-linux-x64": "1.56.1",
        "sass-embedded-win32-ia32": "1.56.1",
        "sass-embedded-win32-x64": "1.56.1"
      }
    },
    "node_modules/sass-embedded-darwin-arm64": {
      "version": "1.56.1",
      "resolved": "https://registry.npmjs.org/sass-embedded-darwin-arm64/-/sass-embedded-darwin-arm64-1.56.1.tgz",
      "integrity": "sha512-Y6us8rg7uwLtAzGiKDebAhFn98RLpW3u5Jnfbsvetlm/rDJ1fZg/roVXFttepLdVbYBjimVFTUaNuGxU3bWbBA==",
      "cpu": [
        "arm64"
      ],
      "optional": true,
      "os": [
        "darwin"
      ],
      "engines": {
        "node": ">=14.0.0"
      }
    },
    "node_modules/sass-embedded-darwin-x64": {
      "version": "1.56.1",
      "resolved": "https://registry.npmjs.org/sass-embedded-darwin-x64/-/sass-embedded-darwin-x64-1.56.1.tgz",
      "integrity": "sha512-UypB3IREbreNNc+dG+L6hG5yoeTujKDCdmu38SSSS/zl9XBFTc8McX58SWapTJOUFK8G43CCimfB3r8FOcyNfA==",
      "cpu": [
        "x64"
      ],
      "optional": true,
      "os": [
        "darwin"
      ],
      "engines": {
        "node": ">=14.0.0"
      }
    },
    "node_modules/sass-embedded-linux-arm": {
      "version": "1.56.1",
      "resolved": "https://registry.npmjs.org/sass-embedded-linux-arm/-/sass-embedded-linux-arm-1.56.1.tgz",
      "integrity": "sha512-pXv+2HlMsjlk0g3dzuVhofuUNJZWUfWVe5xbbWHv+wrdH9kuui6WOyHDhSdUolPrRXOrdsG6Z4/Balr9wa1JWQ==",
      "cpu": [
        "arm"
      ],
      "optional": true,
      "os": [
        "linux"
      ],
      "engines": {
        "node": ">=14.0.0"
      }
    },
    "node_modules/sass-embedded-linux-arm64": {
      "version": "1.56.1",
      "resolved": "https://registry.npmjs.org/sass-embedded-linux-arm64/-/sass-embedded-linux-arm64-1.56.1.tgz",
      "integrity": "sha512-Ly2wk8EmhjXkBpNPM+yAygSxTVIBjQlf4cDAHYgsaDUIIvRSAKAe2CUmxJjik069Qmv54g+Ac7WF6k63c2CTNw==",
      "cpu": [
        "arm64"
      ],
      "optional": true,
      "os": [
        "linux"
      ],
      "engines": {
        "node": ">=14.0.0"
      }
    },
    "node_modules/sass-embedded-linux-ia32": {
      "version": "1.56.1",
      "resolved": "https://registry.npmjs.org/sass-embedded-linux-ia32/-/sass-embedded-linux-ia32-1.56.1.tgz",
      "integrity": "sha512-cGmhnHdCbwJsQgsogwmlALzS/j8g+qQTiBuKBcXIWyFn4hLWo2BAr4Gm9vY5p+8aapcYrRQF9b0nwpFQcUScOg==",
      "cpu": [
        "ia32"
      ],
      "optional": true,
      "os": [
        "linux"
      ],
      "engines": {
        "node": ">=14.0.0"
      }
    },
    "node_modules/sass-embedded-linux-x64": {
      "version": "1.56.1",
      "resolved": "https://registry.npmjs.org/sass-embedded-linux-x64/-/sass-embedded-linux-x64-1.56.1.tgz",
      "integrity": "sha512-yMXS37lP3abTI5ThuydOrLacSNz4Oo9+xlfQDR0pntrugdKzH7vHWK7T7Ynd+vGjVqFajUhI+VihP7vZlhhndw==",
      "cpu": [
        "x64"
      ],
      "optional": true,
      "os": [
        "linux"
      ],
      "engines": {
        "node": ">=14.0.0"
      }
    },
    "node_modules/sass-embedded-win32-ia32": {
      "version": "1.56.1",
      "resolved": "https://registry.npmjs.org/sass-embedded-win32-ia32/-/sass-embedded-win32-ia32-1.56.1.tgz",
      "integrity": "sha512-cjtuKc1O0F+yQZ8hLLYhalulEkBZ6HPdR/ys0l6hn7KTlrYooMyvZXbdU5KaB2lfK1WD29I0HefT8Em7d9cpfA==",
      "cpu": [
        "ia32"
      ],
      "optional": true,
      "os": [
        "win32"
      ],
      "engines": {
        "node": ">=14.0.0"
      }
    },
    "node_modules/sass-embedded-win32-x64": {
      "version": "1.56.1",
      "resolved": "https://registry.npmjs.org/sass-embedded-win32-x64/-/sass-embedded-win32-x64-1.56.1.tgz",
      "integrity": "sha512-VxqwSluQdNBdBEx0p6N2dOrGPIEL3AcG62KuDJ4KD/rHPQgoCPiJvLa5MXKdVHC24tHgE2AYlirILS/iE/N1NQ==",
      "cpu": [
        "x64"
      ],
      "optional": true,
      "os": [
        "win32"
      ],
      "engines": {
        "node": ">=14.0.0"
      }
    },
    "node_modules/supports-color": {
      "version": "8.1.1",
      "resolved": "https://registry.npmjs.org/supports-color/-/supports-color-8.1.1.tgz",
      "integrity": "sha512-MpUEN2OodtUzxvKQl72cUF7RQ5EiHsGvSsVG0ia9c5RbWGL2CI4C7EpPS8UTBIplnlzZiNuV56w+FuNxy3ty2Q==",
      "dependencies": {
        "has-flag": "^4.0.0"
      },
      "engines": {
        "node": ">=10"
      },
      "funding": {
        "url": "https://github.com/chalk/supports-color?sponsor=1"
      }
    },
    "node_modules/tslib": {
      "version": "2.4.1",
      "resolved": "https://registry.npmjs.org/tslib/-/tslib-2.4.1.tgz",
      "integrity": "sha512-tGyy4dAjRIEwI7BzsB0lynWgOpfqjUdq91XXAlIWD2OwKBH7oCl/GZG/HT4BOHrTlPMOASlMQ7veyTqpmRcrNA=="
    }
  },
  "dependencies": {
    "buffer-builder": {
      "version": "0.2.0",
      "resolved": "https://registry.npmjs.org/buffer-builder/-/buffer-builder-0.2.0.tgz",
      "integrity": "sha512-7VPMEPuYznPSoR21NE1zvd2Xna6c/CloiZCfcMXR1Jny6PjX0N4Nsa38zcBFo/FMK+BlA+FLKbJCQ0i2yxp+Xg=="
    },
    "google-protobuf": {
      "version": "3.21.2",
      "resolved": "https://registry.npmjs.org/google-protobuf/-/google-protobuf-3.21.2.tgz",
      "integrity": "sha512-3MSOYFO5U9mPGikIYCzK0SaThypfGgS6bHqrUGXG3DPHCrb+txNqeEcns1W0lkGfk0rCyNXm7xB9rMxnCiZOoA=="
    },
    "has-flag": {
      "version": "4.0.0",
      "resolved": "https://registry.npmjs.org/has-flag/-/has-flag-4.0.0.tgz",
      "integrity": "sha512-EykJT/Q1KjTWctppgIAgfSO0tKVuZUjhgMr17kqTumMl6Afv3EISleU7qZUzoXDFTAHTDC4NOoG/ZxU3EvlMPQ=="
    },
    "immutable": {
      "version": "4.1.0",
      "resolved": "https://registry.npmjs.org/immutable/-/immutable-4.1.0.tgz",
      "integrity": "sha512-oNkuqVTA8jqG1Q6c+UglTOD1xhC1BtjKI7XkCXRkZHrN5m18/XsnUp8Q89GkQO/z+0WjonSvl0FLhDYftp46nQ=="
    },
    "rxjs": {
      "version": "7.6.0",
      "resolved": "https://registry.npmjs.org/rxjs/-/rxjs-7.6.0.tgz",
      "integrity": "sha512-DDa7d8TFNUalGC9VqXvQ1euWNN7sc63TrUCuM9J998+ViviahMIjKSOU7rfcgFOF+FCD71BhDRv4hrFz+ImDLQ==",
      "requires": {
        "tslib": "^2.1.0"
      }
    },
    "sass-embedded": {
      "version": "1.56.1",
      "resolved": "https://registry.npmjs.org/sass-embedded/-/sass-embedded-1.56.1.tgz",
      "integrity": "sha512-8VuohdRoGfqVWgBNeC+iqek1KXIVWYcG6AOQ6rJvRUe08HbdPQgp0+fseDQX7E5UxaoM8wvU5VBwCbZvPwFZQw==",
      "requires": {
        "buffer-builder": "^0.2.0",
        "google-protobuf": "^3.11.4",
        "immutable": "^4.0.0",
        "rxjs": "^7.4.0",
        "sass-embedded-darwin-arm64": "1.56.1",
        "sass-embedded-darwin-x64": "1.56.1",
        "sass-embedded-linux-arm": "1.56.1",
        "sass-embedded-linux-arm64": "1.56.1",
        "sass-embedded-linux-ia32": "1.56.1",
        "sass-embedded-linux-x64": "1.56.1",
        "sass-embedded-win32-ia32": "1.56.1",
        "sass-embedded-win32-x64": "1.56.1",
        "supports-color": "^8.1.1"
      }
    },
    "sass-embedded-darwin-arm64": {
      "version": "1.56.1",
      "resolved": "https://registry.npmjs.org/sass-embedded-darwin-arm64/-/sass-embedded-darwin-arm64-1.56.1.tgz",
      "integrity": "sha512-Y6us8rg7uwLtAzGiKDebAhFn98RLpW3u5Jnfbsvetlm/rDJ1fZg/roVXFttepLdVbYBjimVFTUaNuGxU3bWbBA==",
      "optional": true
    },
    "sass-embedded-darwin-x64": {
      "version": "1.56.1",
      "resolved": "https://registry.npmjs.org/sass-embedded-darwin-x64/-/sass-embedded-darwin-x64-1.56.1.tgz",
      "integrity": "sha512-UypB3IREbreNNc+dG+L6hG5yoeTujKDCdmu38SSSS/zl9XBFTc8McX58SWapTJOUFK8G43CCimfB3r8FOcyNfA==",
      "optional": true
    },
    "sass-embedded-linux-arm": {
      "version": "1.56.1",
      "resolved": "https://registry.npmjs.org/sass-embedded-linux-arm/-/sass-embedded-linux-arm-1.56.1.tgz",
      "integrity": "sha512-pXv+2HlMsjlk0g3dzuVhofuUNJZWUfWVe5xbbWHv+wrdH9kuui6WOyHDhSdUolPrRXOrdsG6Z4/Balr9wa1JWQ==",
      "optional": true
    },
    "sass-embedded-linux-arm64": {
      "version": "1.56.1",
      "resolved": "https://registry.npmjs.org/sass-embedded-linux-arm64/-/sass-embedded-linux-arm64-1.56.1.tgz",
      "integrity": "sha512-Ly2wk8EmhjXkBpNPM+yAygSxTVIBjQlf4cDAHYgsaDUIIvRSAKAe2CUmxJjik069Qmv54g+Ac7WF6k63c2CTNw==",
      "optional": true
    },
    "sass-embedded-linux-ia32": {
      "version": "1.56.1",
      "resolved": "https://registry.npmjs.org/sass-embedded-linux-ia32/-/sass-embedded-linux-ia32-1.56.1.tgz",
      "integrity": "sha512-cGmhnHdCbwJsQgsogwmlALzS/j8g+qQTiBuKBcXIWyFn4hLWo2BAr4Gm9vY5p+8aapcYrRQF9b0nwpFQcUScOg==",
      "optional": true
    },
    "sass-embedded-linux-x64": {
      "version": "1.56.1",
      "resolved": "https://registry.npmjs.org/sass-embedded-linux-x64/-/sass-embedded-linux-x64-1.56.1.tgz",
      "integrity": "sha512-yMXS37lP3abTI5ThuydOrLacSNz4Oo9+xlfQDR0pntrugdKzH7vHWK7T7Ynd+vGjVqFajUhI+VihP7vZlhhndw==",
      "optional": true
    },
    "sass-embedded-win32-ia32": {
      "version": "1.56.1",
      "resolved": "https://registry.npmjs.org/sass-embedded-win32-ia32/-/sass-embedded-win32-ia32-1.56.1.tgz",
      "integrity": "sha512-cjtuKc1O0F+yQZ8hLLYhalulEkBZ6HPdR/ys0l6hn7KTlrYooMyvZXbdU5KaB2lfK1WD29I0HefT8Em7d9cpfA==",
      "optional": true
    },
    "sass-embedded-win32-x64": {
      "version": "1.56.1",
      "resolved": "https://registry.npmjs.org/sass-embedded-win32-x64/-/sass-embedded-win32-x64-1.56.1.tgz",
      "integrity": "sha512-VxqwSluQdNBdBEx0p6N2dOrGPIEL3AcG62KuDJ4KD/rHPQgoCPiJvLa5MXKdVHC24tHgE2AYlirILS/iE/N1NQ==",
      "optional": true
    },
    "supports-color": {
      "version": "8.1.1",
      "resolved": "https://registry.npmjs.org/supports-color/-/supports-color-8.1.1.tgz",
      "integrity": "sha512-MpUEN2OodtUzxvKQl72cUF7RQ5EiHsGvSsVG0ia9c5RbWGL2CI4C7EpPS8UTBIplnlzZiNuV56w+FuNxy3ty2Q==",
      "requires": {
        "has-flag": "^4.0.0"
      }
    },
    "tslib": {
      "version": "2.4.1",
      "resolved": "https://registry.npmjs.org/tslib/-/tslib-2.4.1.tgz",
      "integrity": "sha512-tGyy4dAjRIEwI7BzsB0lynWgOpfqjUdq91XXAlIWD2OwKBH7oCl/GZG/HT4BOHrTlPMOASlMQ7veyTqpmRcrNA=="
    }
  }
}
